
Microsoft Visual Studio Solution File, Format Version 12.00
# Visual Studio Version 17
VisualStudioVersion = 17.2.32526.322
MinimumVisualStudioVersion = 10.0.40219.1
Project("{9A19103F-16F7-4668-BE54-9A1E7A4F7556}") = "RecipeWebInterfaceApi", "RecipeWebInterfaceApi\RecipeWebInterfaceApi.csproj", "{947A44BA-48C2-4F52-9039-25B77A60011F}"
EndProject
Project("{FAE04EC0-301F-11D3-BF4B-00C04F79EFBC}") = "Recipe Web Interface", "Recipe Web Interface\Recipe Web Interface.csproj", "{CDCAD6DA-5401-434C-92E5-7E7E821672FF}"
EndProject
Global
	GlobalSection(SolutionConfigurationPlatforms) = preSolution
		Debug|Any CPU = Debug|Any CPU
		Release|Any CPU = Release|Any CPU
	EndGlobalSection
	GlobalSection(ProjectConfigurationPlatforms) = postSolution
		{947A44BA-48C2-4F52-9039-25B77A60011F}.Debug|Any CPU.ActiveCfg = Debug|Any CPU
		{947A44BA-48C2-4F52-9039-25B77A60011F}.Debug|Any CPU.Build.0 = Debug|Any CPU
		{947A44BA-48C2-4F52-9039-25B77A60011F}.Release|Any CPU.ActiveCfg = Release|Any CPU
		{947A44BA-48C2-4F52-9039-25B77A60011F}.Release|Any CPU.Build.0 = Release|Any CPU
		{CDCAD6DA-5401-434C-92E5-7E7E821672FF}.Debug|Any CPU.ActiveCfg = Debug|Any CPU
		{CDCAD6DA-5401-434C-92E5-7E7E821672FF}.Debug|Any CPU.Build.0 = Debug|Any CPU
		{CDCAD6DA-5401-434C-92E5-7E7E821672FF}.Release|Any CPU.ActiveCfg = Release|Any CPU
		{CDCAD6DA-5401-434C-92E5-7E7E821672FF}.Release|Any CPU.Build.0 = Release|Any CPU
	EndGlobalSection
	GlobalSection(SolutionProperties) = preSolution
		HideSolutionNode = FALSE
	EndGlobalSection
	GlobalSection(ExtensibilityGlobals) = postSolution
		SolutionGuid = {FBB75958-A69B-426A-8601-C5171C96DA55}
	EndGlobalSection
EndGlobal
